
Microsoft Visual Studio Solution File, Format Version 12.00
# Visual Studio Version 17
VisualStudioVersion = 17.9.34616.47
MinimumVisualStudioVersion = 10.0.40219.1
Project("{9A19103F-16F7-4668-BE54-9A1E7A4F7556}") = "SampleDotnet.Store.Api", "SampleDotnet.Store.Api\SampleDotnet.Store.Api.csproj", "{53CD92CE-9297-4C28-BA8F-CFC3A13BCD15}"
EndProject
Project("{2150E333-8FDC-42A3-9474-1A3956D46DE8}") = "1 - Inbound", "1 - Inbound", "{DA700E4C-0EC2-419E-8206-F03FA04FB3DD}"
EndProject
Project("{2150E333-8FDC-42A3-9474-1A3956D46DE8}") = "2 - Application", "2 - Application", "{02D64BF6-2ECF-4494-8B2A-E1B6B52B6E76}"
EndProject
Project("{2150E333-8FDC-42A3-9474-1A3956D46DE8}") = "3 - Domain", "3 - Domain", "{537DB8A6-7D0F-49C8-AC8B-B2A0AB170AB1}"
EndProject
Project("{2150E333-8FDC-42A3-9474-1A3956D46DE8}") = "4 - Infra", "4 - Infra", "{D1786B33-F88F-4F32-A365-C2E9F0393325}"
EndProject
Project("{2150E333-8FDC-42A3-9474-1A3956D46DE8}") = "5 - Packages", "5 - Packages", "{5D0B39DE-10E3-4783-A6AD-466DFEF41C7A}"
EndProject
Project("{9A19103F-16F7-4668-BE54-9A1E7A4F7556}") = "SampleDotnet.Store.Consumers", "SampleDotnet.Store.Consumers\SampleDotnet.Store.Consumers.csproj", "{1D69CC1E-78DD-42EC-891B-B4D31899EE68}"
EndProject
Project("{9A19103F-16F7-4668-BE54-9A1E7A4F7556}") = "SampleDotnet.Store.AppService", "SampleDotnet.Store.AppService\SampleDotnet.Store.AppService.csproj", "{100E3ED2-C291-44CC-9A6A-278DE950AF8C}"
EndProject
Project("{9A19103F-16F7-4668-BE54-9A1E7A4F7556}") = "SampleDotnet.Store.Workflows", "SampleDotnet.Store.Workflows\SampleDotnet.Store.Workflows.csproj", "{DA3756CD-6839-40A1-84D0-57D659A44B64}"
EndProject
Project("{9A19103F-16F7-4668-BE54-9A1E7A4F7556}") = "SampleDotnet.Store.Domain", "SampleDotnet.Store.Domain\SampleDotnet.Store.Domain.csproj", "{0B3E101A-42A8-400E-8EC7-8B16534EE66F}"
EndProject
Project("{9A19103F-16F7-4668-BE54-9A1E7A4F7556}") = "SampleDotnet.Store.Infra.Data", "SampleDotnet.Store.Infra.Data\SampleDotnet.Store.Infra.Data.csproj", "{AF19F563-0D23-4FD9-8BCF-D00D8FD7D88A}"
EndProject
Project("{9A19103F-16F7-4668-BE54-9A1E7A4F7556}") = "SampleDotnet.Store.Infra.IoC.Bootstrapper", "SampleDotnet.Store.Infra.IoC.Bootstrapper\SampleDotnet.Store.Infra.IoC.Bootstrapper.csproj", "{D4EEC12C-E80A-403A-8CB5-7BE293E04C42}"
EndProject
Project("{9A19103F-16F7-4668-BE54-9A1E7A4F7556}") = "SampleDotnet.MongoDb", "..\CommonPackages\SampleDotnet.Packages\SampleDotnet.MongoDb\SampleDotnet.MongoDb.csproj", "{4250BBCB-B6C2-4592-A4DD-CF1909562520}"
EndProject
Project("{9A19103F-16F7-4668-BE54-9A1E7A4F7556}") = "SampleDotnet.MasstransitConfiguration", "..\CommonPackages\SampleDotnet.Packages\SampleDotnet.MasstransitConfiguration\SampleDotnet.MasstransitConfiguration.csproj", "{667A981F-02F0-42C0-9219-79C15ECC284C}"
EndProject
Project("{9A19103F-16F7-4668-BE54-9A1E7A4F7556}") = "SampleDotnet.MassTransit.ActivityTracing", "..\CommonPackages\SampleDotnet.Packages\SampleDotnet.MassTransit.ActivityTracing\SampleDotnet.MassTransit.ActivityTracing.csproj", "{96E81B11-2469-45C9-9554-B89982EFB5C5}"
EndProject
Project("{9A19103F-16F7-4668-BE54-9A1E7A4F7556}") = "SampleDotnet.DDD.Data.MongoDb", "..\CommonPackages\SampleDotnet.Packages\SampleDotnet.DDD.Data.MongoDb\SampleDotnet.DDD.Data.MongoDb.csproj", "{55D1E61C-975D-46A7-A4D6-4D37B99ABB83}"
EndProject
Project("{9A19103F-16F7-4668-BE54-9A1E7A4F7556}") = "SampleDotnet.DDD.Abstractions", "..\CommonPackages\SampleDotnet.Packages\SampleDotnet.DDD.Abstractions\SampleDotnet.DDD.Abstractions.csproj", "{381BAD21-12D4-4CF4-9D2A-B4EA6E6FA607}"
EndProject
Project("{9A19103F-16F7-4668-BE54-9A1E7A4F7556}") = "SampleDotnet.DDD", "..\CommonPackages\SampleDotnet.Packages\SampleDotnet.DDD\SampleDotnet.DDD.csproj", "{61DFF2C9-51F6-4838-AE30-B812A07C63CF}"
EndProject
Project("{9A19103F-16F7-4668-BE54-9A1E7A4F7556}") = "SampleDotnet.Contracts", "..\CommonPackages\SampleDotnet.Packages\SampleDotnet.Contracts\SampleDotnet.Contracts.csproj", "{48F3A955-92C0-4509-9E0E-935A0D196620}"
EndProject
Project("{9A19103F-16F7-4668-BE54-9A1E7A4F7556}") = "SampleDotnet.AspNet", "..\CommonPackages\SampleDotnet.Packages\SampleDotnet.AspNet\SampleDotnet.AspNet.csproj", "{8BE74C61-CDCB-4AB0-B965-3B64FB4A2FB6}"
EndProject
Project("{9A19103F-16F7-4668-BE54-9A1E7A4F7556}") = "SampleDotnet.Store.Infra.Masstransit", "SampleDotnet.Store.Infra.Masstransit\SampleDotnet.Store.Infra.Masstransit.csproj", "{EA4A8A4C-5031-4E81-9B26-3ED9B54F5FE7}"
EndProject
Project("{FAE04EC0-301F-11D3-BF4B-00C04F79EFBC}") = "SampleDotnet.Repository.Abstractions", "..\CommonPackages\SampleDotnet.Packages\SampleDotnet.Repository.Abstractions\SampleDotnet.Repository.Abstractions.csproj", "{B1FDF23A-F759-4858-B34B-08B1774F24B6}"
EndProject
Global
	GlobalSection(SolutionConfigurationPlatforms) = preSolution
		Debug|Any CPU = Debug|Any CPU
		Release|Any CPU = Release|Any CPU
	EndGlobalSection
	GlobalSection(ProjectConfigurationPlatforms) = postSolution
		{53CD92CE-9297-4C28-BA8F-CFC3A13BCD15}.Debug|Any CPU.ActiveCfg = Debug|Any CPU
		{53CD92CE-9297-4C28-BA8F-CFC3A13BCD15}.Debug|Any CPU.Build.0 = Debug|Any CPU
		{53CD92CE-9297-4C28-BA8F-CFC3A13BCD15}.Release|Any CPU.ActiveCfg = Release|Any CPU
		{53CD92CE-9297-4C28-BA8F-CFC3A13BCD15}.Release|Any CPU.Build.0 = Release|Any CPU
		{1D69CC1E-78DD-42EC-891B-B4D31899EE68}.Debug|Any CPU.ActiveCfg = Debug|Any CPU
		{1D69CC1E-78DD-42EC-891B-B4D31899EE68}.Debug|Any CPU.Build.0 = Debug|Any CPU
		{1D69CC1E-78DD-42EC-891B-B4D31899EE68}.Release|Any CPU.ActiveCfg = Release|Any CPU
		{1D69CC1E-78DD-42EC-891B-B4D31899EE68}.Release|Any CPU.Build.0 = Release|Any CPU
		{100E3ED2-C291-44CC-9A6A-278DE950AF8C}.Debug|Any CPU.ActiveCfg = Debug|Any CPU
		{100E3ED2-C291-44CC-9A6A-278DE950AF8C}.Debug|Any CPU.Build.0 = Debug|Any CPU
		{100E3ED2-C291-44CC-9A6A-278DE950AF8C}.Release|Any CPU.ActiveCfg = Release|Any CPU
		{100E3ED2-C291-44CC-9A6A-278DE950AF8C}.Release|Any CPU.Build.0 = Release|Any CPU
		{DA3756CD-6839-40A1-84D0-57D659A44B64}.Debug|Any CPU.ActiveCfg = Debug|Any CPU
		{DA3756CD-6839-40A1-84D0-57D659A44B64}.Debug|Any CPU.Build.0 = Debug|Any CPU
		{DA3756CD-6839-40A1-84D0-57D659A44B64}.Release|Any CPU.ActiveCfg = Release|Any CPU
		{DA3756CD-6839-40A1-84D0-57D659A44B64}.Release|Any CPU.Build.0 = Release|Any CPU
		{0B3E101A-42A8-400E-8EC7-8B16534EE66F}.Debug|Any CPU.ActiveCfg = Debug|Any CPU
		{0B3E101A-42A8-400E-8EC7-8B16534EE66F}.Debug|Any CPU.Build.0 = Debug|Any CPU
		{0B3E101A-42A8-400E-8EC7-8B16534EE66F}.Release|Any CPU.ActiveCfg = Release|Any CPU
		{0B3E101A-42A8-400E-8EC7-8B16534EE66F}.Release|Any CPU.Build.0 = Release|Any CPU
		{AF19F563-0D23-4FD9-8BCF-D00D8FD7D88A}.Debug|Any CPU.ActiveCfg = Debug|Any CPU
		{AF19F563-0D23-4FD9-8BCF-D00D8FD7D88A}.Debug|Any CPU.Build.0 = Debug|Any CPU
		{AF19F563-0D23-4FD9-8BCF-D00D8FD7D88A}.Release|Any CPU.ActiveCfg = Release|Any CPU
		{AF19F563-0D23-4FD9-8BCF-D00D8FD7D88A}.Release|Any CPU.Build.0 = Release|Any CPU
		{D4EEC12C-E80A-403A-8CB5-7BE293E04C42}.Debug|Any CPU.ActiveCfg = Debug|Any CPU
		{D4EEC12C-E80A-403A-8CB5-7BE293E04C42}.Debug|Any CPU.Build.0 = Debug|Any CPU
		{D4EEC12C-E80A-403A-8CB5-7BE293E04C42}.Release|Any CPU.ActiveCfg = Release|Any CPU
		{D4EEC12C-E80A-403A-8CB5-7BE293E04C42}.Release|Any CPU.Build.0 = Release|Any CPU
		{4250BBCB-B6C2-4592-A4DD-CF1909562520}.Debug|Any CPU.ActiveCfg = Debug|Any CPU
		{4250BBCB-B6C2-4592-A4DD-CF1909562520}.Debug|Any CPU.Build.0 = Debug|Any CPU
		{4250BBCB-B6C2-4592-A4DD-CF1909562520}.Release|Any CPU.ActiveCfg = Release|Any CPU
		{4250BBCB-B6C2-4592-A4DD-CF1909562520}.Release|Any CPU.Build.0 = Release|Any CPU
		{667A981F-02F0-42C0-9219-79C15ECC284C}.Debug|Any CPU.ActiveCfg = Debug|Any CPU
		{667A981F-02F0-42C0-9219-79C15ECC284C}.Debug|Any CPU.Build.0 = Debug|Any CPU
		{667A981F-02F0-42C0-9219-79C15ECC284C}.Release|Any CPU.ActiveCfg = Release|Any CPU
		{667A981F-02F0-42C0-9219-79C15ECC284C}.Release|Any CPU.Build.0 = Release|Any CPU
		{96E81B11-2469-45C9-9554-B89982EFB5C5}.Debug|Any CPU.ActiveCfg = Debug|Any CPU
		{96E81B11-2469-45C9-9554-B89982EFB5C5}.Debug|Any CPU.Build.0 = Debug|Any CPU
		{96E81B11-2469-45C9-9554-B89982EFB5C5}.Release|Any CPU.ActiveCfg = Release|Any CPU
		{96E81B11-2469-45C9-9554-B89982EFB5C5}.Release|Any CPU.Build.0 = Release|Any CPU
		{55D1E61C-975D-46A7-A4D6-4D37B99ABB83}.Debug|Any CPU.ActiveCfg = Debug|Any CPU
		{55D1E61C-975D-46A7-A4D6-4D37B99ABB83}.Debug|Any CPU.Build.0 = Debug|Any CPU
		{55D1E61C-975D-46A7-A4D6-4D37B99ABB83}.Release|Any CPU.ActiveCfg = Release|Any CPU
		{55D1E61C-975D-46A7-A4D6-4D37B99ABB83}.Release|Any CPU.Build.0 = Release|Any CPU
		{381BAD21-12D4-4CF4-9D2A-B4EA6E6FA607}.Debug|Any CPU.ActiveCfg = Debug|Any CPU
		{381BAD21-12D4-4CF4-9D2A-B4EA6E6FA607}.Debug|Any CPU.Build.0 = Debug|Any CPU
		{381BAD21-12D4-4CF4-9D2A-B4EA6E6FA607}.Release|Any CPU.ActiveCfg = Release|Any CPU
		{381BAD21-12D4-4CF4-9D2A-B4EA6E6FA607}.Release|Any CPU.Build.0 = Release|Any CPU
		{61DFF2C9-51F6-4838-AE30-B812A07C63CF}.Debug|Any CPU.ActiveCfg = Debug|Any CPU
		{61DFF2C9-51F6-4838-AE30-B812A07C63CF}.Debug|Any CPU.Build.0 = Debug|Any CPU
		{61DFF2C9-51F6-4838-AE30-B812A07C63CF}.Release|Any CPU.ActiveCfg = Release|Any CPU
		{61DFF2C9-51F6-4838-AE30-B812A07C63CF}.Release|Any CPU.Build.0 = Release|Any CPU
		{48F3A955-92C0-4509-9E0E-935A0D196620}.Debug|Any CPU.ActiveCfg = Debug|Any CPU
		{48F3A955-92C0-4509-9E0E-935A0D196620}.Debug|Any CPU.Build.0 = Debug|Any CPU
		{48F3A955-92C0-4509-9E0E-935A0D196620}.Release|Any CPU.ActiveCfg = Release|Any CPU
		{48F3A955-92C0-4509-9E0E-935A0D196620}.Release|Any CPU.Build.0 = Release|Any CPU
		{8BE74C61-CDCB-4AB0-B965-3B64FB4A2FB6}.Debug|Any CPU.ActiveCfg = Debug|Any CPU
		{8BE74C61-CDCB-4AB0-B965-3B64FB4A2FB6}.Debug|Any CPU.Build.0 = Debug|Any CPU
		{8BE74C61-CDCB-4AB0-B965-3B64FB4A2FB6}.Release|Any CPU.ActiveCfg = Release|Any CPU
		{8BE74C61-CDCB-4AB0-B965-3B64FB4A2FB6}.Release|Any CPU.Build.0 = Release|Any CPU
		{EA4A8A4C-5031-4E81-9B26-3ED9B54F5FE7}.Debug|Any CPU.ActiveCfg = Debug|Any CPU
		{EA4A8A4C-5031-4E81-9B26-3ED9B54F5FE7}.Debug|Any CPU.Build.0 = Debug|Any CPU
		{EA4A8A4C-5031-4E81-9B26-3ED9B54F5FE7}.Release|Any CPU.ActiveCfg = Release|Any CPU
		{EA4A8A4C-5031-4E81-9B26-3ED9B54F5FE7}.Release|Any CPU.Build.0 = Release|Any CPU
		{B1FDF23A-F759-4858-B34B-08B1774F24B6}.Debug|Any CPU.ActiveCfg = Debug|Any CPU
		{B1FDF23A-F759-4858-B34B-08B1774F24B6}.Debug|Any CPU.Build.0 = Debug|Any CPU
		{B1FDF23A-F759-4858-B34B-08B1774F24B6}.Release|Any CPU.ActiveCfg = Release|Any CPU
		{B1FDF23A-F759-4858-B34B-08B1774F24B6}.Release|Any CPU.Build.0 = Release|Any CPU
	EndGlobalSection
	GlobalSection(SolutionProperties) = preSolution
		HideSolutionNode = FALSE
	EndGlobalSection
	GlobalSection(NestedProjects) = preSolution
		{53CD92CE-9297-4C28-BA8F-CFC3A13BCD15} = {DA700E4C-0EC2-419E-8206-F03FA04FB3DD}
		{1D69CC1E-78DD-42EC-891B-B4D31899EE68} = {DA700E4C-0EC2-419E-8206-F03FA04FB3DD}
		{100E3ED2-C291-44CC-9A6A-278DE950AF8C} = {02D64BF6-2ECF-4494-8B2A-E1B6B52B6E76}
		{DA3756CD-6839-40A1-84D0-57D659A44B64} = {02D64BF6-2ECF-4494-8B2A-E1B6B52B6E76}
		{0B3E101A-42A8-400E-8EC7-8B16534EE66F} = {537DB8A6-7D0F-49C8-AC8B-B2A0AB170AB1}
		{AF19F563-0D23-4FD9-8BCF-D00D8FD7D88A} = {D1786B33-F88F-4F32-A365-C2E9F0393325}
		{D4EEC12C-E80A-403A-8CB5-7BE293E04C42} = {D1786B33-F88F-4F32-A365-C2E9F0393325}
		{4250BBCB-B6C2-4592-A4DD-CF1909562520} = {5D0B39DE-10E3-4783-A6AD-466DFEF41C7A}
		{667A981F-02F0-42C0-9219-79C15ECC284C} = {5D0B39DE-10E3-4783-A6AD-466DFEF41C7A}
		{96E81B11-2469-45C9-9554-B89982EFB5C5} = {5D0B39DE-10E3-4783-A6AD-466DFEF41C7A}
		{55D1E61C-975D-46A7-A4D6-4D37B99ABB83} = {5D0B39DE-10E3-4783-A6AD-466DFEF41C7A}
		{381BAD21-12D4-4CF4-9D2A-B4EA6E6FA607} = {5D0B39DE-10E3-4783-A6AD-466DFEF41C7A}
		{61DFF2C9-51F6-4838-AE30-B812A07C63CF} = {5D0B39DE-10E3-4783-A6AD-466DFEF41C7A}
		{48F3A955-92C0-4509-9E0E-935A0D196620} = {5D0B39DE-10E3-4783-A6AD-466DFEF41C7A}
		{8BE74C61-CDCB-4AB0-B965-3B64FB4A2FB6} = {5D0B39DE-10E3-4783-A6AD-466DFEF41C7A}
		{EA4A8A4C-5031-4E81-9B26-3ED9B54F5FE7} = {D1786B33-F88F-4F32-A365-C2E9F0393325}
		{B1FDF23A-F759-4858-B34B-08B1774F24B6} = {5D0B39DE-10E3-4783-A6AD-466DFEF41C7A}
	EndGlobalSection
	GlobalSection(ExtensibilityGlobals) = postSolution
		SolutionGuid = {D852E656-AA56-4841-992F-EB85242DBA16}
	EndGlobalSection
EndGlobal
